
Microsoft Visual Studio Solution File, Format Version 12.00
# Visual Studio 15
VisualStudioVersion = 15.0.27703.2042
MinimumVisualStudioVersion = 10.0.40219.1
Project("{FAE04EC0-301F-11D3-BF4B-00C04F79EFBC}") = "StreamStage", "StreamStage\StreamStage.csproj", "{A67E4716-1DDA-4D48-B29F-9D3DEB79376B}"
EndProject
Global
	GlobalSection(SolutionConfigurationPlatforms) = preSolution
		Debug|Any CPU = Debug|Any CPU
		Release|Any CPU = Release|Any CPU
	EndGlobalSection
	GlobalSection(ProjectConfigurationPlatforms) = postSolution
		{A67E4716-1DDA-4D48-B29F-9D3DEB79376B}.Debug|Any CPU.ActiveCfg = Debug|Any CPU
		{A67E4716-1DDA-4D48-B29F-9D3DEB79376B}.Debug|Any CPU.Build.0 = Debug|Any CPU
		{A67E4716-1DDA-4D48-B29F-9D3DEB79376B}.Release|Any CPU.ActiveCfg = Release|Any CPU
		{A67E4716-1DDA-4D48-B29F-9D3DEB79376B}.Release|Any CPU.Build.0 = Release|Any CPU
	EndGlobalSection
	GlobalSection(SolutionProperties) = preSolution
		HideSolutionNode = FALSE
	EndGlobalSection
	GlobalSection(ExtensibilityGlobals) = postSolution
		SolutionGuid = {FFBD77D8-96FF-4C59-B626-9B0858F87254}
	EndGlobalSection
EndGlobal
